
Microsoft Visual Studio Solution File, Format Version 11.00
# Visual Studio 2010
Project("{F2A71F9B-5D33-465A-A702-920D77279786}") = "ProjectEuler.Exercises", "ProjectEuler.Exercises\ProjectEuler.Exercises.fsproj", "{8C513C63-C208-4E94-8C9D-2E7A3C7EC696}"
EndProject
Project("{F2A71F9B-5D33-465A-A702-920D77279786}") = "ProjectEuler.Application", "ProjectEuler.Application\ProjectEuler.Application.fsproj", "{9F5546C4-7536-4BD2-99DA-16881704E264}"
EndProject
Global
	GlobalSection(SolutionConfigurationPlatforms) = preSolution
		Debug|Any CPU = Debug|Any CPU
		Debug|Mixed Platforms = Debug|Mixed Platforms
		Debug|x86 = Debug|x86
		Release|Any CPU = Release|Any CPU
		Release|Mixed Platforms = Release|Mixed Platforms
		Release|x86 = Release|x86
	EndGlobalSection
	GlobalSection(ProjectConfigurationPlatforms) = postSolution
		{8C513C63-C208-4E94-8C9D-2E7A3C7EC696}.Debug|Any CPU.ActiveCfg = Debug|Any CPU
		{8C513C63-C208-4E94-8C9D-2E7A3C7EC696}.Debug|Any CPU.Build.0 = Debug|Any CPU
		{8C513C63-C208-4E94-8C9D-2E7A3C7EC696}.Debug|Mixed Platforms.ActiveCfg = Debug|Any CPU
		{8C513C63-C208-4E94-8C9D-2E7A3C7EC696}.Debug|Mixed Platforms.Build.0 = Debug|Any CPU
		{8C513C63-C208-4E94-8C9D-2E7A3C7EC696}.Debug|x86.ActiveCfg = Debug|Any CPU
		{8C513C63-C208-4E94-8C9D-2E7A3C7EC696}.Release|Any CPU.ActiveCfg = Release|Any CPU
		{8C513C63-C208-4E94-8C9D-2E7A3C7EC696}.Release|Any CPU.Build.0 = Release|Any CPU
		{8C513C63-C208-4E94-8C9D-2E7A3C7EC696}.Release|Mixed Platforms.ActiveCfg = Release|Any CPU
		{8C513C63-C208-4E94-8C9D-2E7A3C7EC696}.Release|Mixed Platforms.Build.0 = Release|Any CPU
		{8C513C63-C208-4E94-8C9D-2E7A3C7EC696}.Release|x86.ActiveCfg = Release|Any CPU
		{9F5546C4-7536-4BD2-99DA-16881704E264}.Debug|Any CPU.ActiveCfg = Debug|x86
		{9F5546C4-7536-4BD2-99DA-16881704E264}.Debug|Mixed Platforms.ActiveCfg = Debug|x86
		{9F5546C4-7536-4BD2-99DA-16881704E264}.Debug|Mixed Platforms.Build.0 = Debug|x86
		{9F5546C4-7536-4BD2-99DA-16881704E264}.Debug|x86.ActiveCfg = Debug|x86
		{9F5546C4-7536-4BD2-99DA-16881704E264}.Debug|x86.Build.0 = Debug|x86
		{9F5546C4-7536-4BD2-99DA-16881704E264}.Release|Any CPU.ActiveCfg = Release|x86
		{9F5546C4-7536-4BD2-99DA-16881704E264}.Release|Mixed Platforms.ActiveCfg = Release|x86
		{9F5546C4-7536-4BD2-99DA-16881704E264}.Release|Mixed Platforms.Build.0 = Release|x86
		{9F5546C4-7536-4BD2-99DA-16881704E264}.Release|x86.ActiveCfg = Release|x86
		{9F5546C4-7536-4BD2-99DA-16881704E264}.Release|x86.Build.0 = Release|x86
	EndGlobalSection
	GlobalSection(SolutionProperties) = preSolution
		HideSolutionNode = FALSE
	EndGlobalSection
EndGlobal
